
Microsoft Visual Studio Solution File, Format Version 12.00
# Visual Studio Version 17
VisualStudioVersion = 17.2.32516.85
MinimumVisualStudioVersion = 10.0.40219.1
Project("{FAE04EC0-301F-11D3-BF4B-00C04F79EFBC}") = "UC9-Senai-EncodingBackEnd-SA2", "UC9-Senai-EncodingBackEnd-SA2.csproj", "{F05E0A2D-DB1F-4E4B-B801-7FC96A9CCD6A}"
EndProject
Global
	GlobalSection(SolutionConfigurationPlatforms) = preSolution
		Debug|Any CPU = Debug|Any CPU
		Release|Any CPU = Release|Any CPU
	EndGlobalSection
	GlobalSection(ProjectConfigurationPlatforms) = postSolution
		{F05E0A2D-DB1F-4E4B-B801-7FC96A9CCD6A}.Debug|Any CPU.ActiveCfg = Debug|Any CPU
		{F05E0A2D-DB1F-4E4B-B801-7FC96A9CCD6A}.Debug|Any CPU.Build.0 = Debug|Any CPU
		{F05E0A2D-DB1F-4E4B-B801-7FC96A9CCD6A}.Release|Any CPU.ActiveCfg = Release|Any CPU
		{F05E0A2D-DB1F-4E4B-B801-7FC96A9CCD6A}.Release|Any CPU.Build.0 = Release|Any CPU
	EndGlobalSection
	GlobalSection(SolutionProperties) = preSolution
		HideSolutionNode = FALSE
	EndGlobalSection
	GlobalSection(ExtensibilityGlobals) = postSolution
		SolutionGuid = {7FC34215-1BB1-48D7-93A3-4E32083CF874}
	EndGlobalSection
EndGlobal
